# generated by rye
# use `rye lock` or `rye sync` to update this lockfile
#
# last locked with the following flags:
#   pre: false
#   features: []
#   all-features: false
#   with-sources: false
#   generate-hashes: false
#   universal: false

-e file:.
ast-serialize==0.6.0
    # via mypy
cffi==2.1.0
    # via cryptography
cryptography==49.0.0
hatchling==1.31.0
iniconfig==2.3.0
    # via pytest
librt==0.13.0
    # via mypy
mypy==2.3.0
mypy-extensions==1.1.0
    # via mypy
packaging==26.2
    # via hatchling
    # via pytest
    # via wheel
pathspec==1.1.1
    # via hatchling
    # via mypy
pluggy==1.6.0
    # via hatchling
    # via pytest
pycparser==3.0
    # via cffi
pygments==2.20.0
    # via pytest
pymysql==1.2.0
pytest==9.1.1
    # via pytest-asyncio
    # via pytest-timeout
pytest-asyncio==1.4.0
pytest-timeout==2.4.0
ruff==0.16.0
trove-classifiers==2026.6.1.19
    # via hatchling
typing-extensions==4.16.0
    # via mypy
    # via pytest-asyncio
wheel==0.47.0
