# generated by rye
# use `rye lock` or `rye sync` to update this lockfile
#
# last locked with the following flags:
#   pre: false
#   features: []
#   all-features: false
#   with-sources: false
#   generate-hashes: false
#   universal: false

-e file:.
iniconfig==2.3.0
    # via pytest
librt==0.8.1
    # via mypy
mypy==1.19.1
mypy-extensions==1.1.0
    # via mypy
packaging==26.0
    # via pytest
pathspec==1.0.4
    # via mypy
pluggy==1.6.0
    # via pytest
pygments==2.19.2
    # via pytest
pymysql==1.1.2
pytest==9.0.2
    # via pytest-timeout
pytest-timeout==2.4.0
ruff==0.15.6
typing-extensions==4.15.0
    # via mypy
